// !$*UTF8*$!
{
	archiveVersion = 1;
	classes = {
	};
	objectVersion = 77;
	objects = {

/* Begin PBXBuildFile section */
		9D1E6C6D2D418B80004F7125 /* Assets.xcassets in Resources */ = {isa = PBXBuildFile; fileRef = 9D1E6C682D418B80004F7125 /* Assets.xcassets */; };
		9D1E6C6E2D418B80004F7125 /* Preview Assets.xcassets in Resources */ = {isa = PBXBuildFile; fileRef = 9D1E6C532D418B80004F7125 /* Preview Assets.xcassets */; };
		9D1E6C702D418B80004F7125 /* AuthViewModel.swift in Sources */ = {isa = PBXBuildFile; fileRef = 9D1E6C5C2D418B80004F7125 /* AuthViewModel.swift */; };
		9D1E6C712D418B80004F7125 /* AiFriendChatApp.swift in Sources */ = {isa = PBXBuildFile; fileRef = 9D1E6C672D418B80004F7125 /* AiFriendChatApp.swift */; };
		9D1E6C722D418B80004F7125 /* HomeView.swift in Sources */ = {isa = PBXBuildFile; fileRef = 9D1E6C612D418B80004F7125 /* HomeView.swift */; };
		9D1E6C732D418B80004F7125 /* ContentView.swift in Sources */ = {isa = PBXBuildFile; fileRef = 9D1E6C692D418B80004F7125 /* ContentView.swift */; };
		9D1E6C742D418B80004F7125 /* LoginView.swift in Sources */ = {isa = PBXBuildFile; fileRef = 9D1E6C622D418B80004F7125 /* LoginView.swift */; };
		9D1E6C762D418B80004F7125 /* CallSchedule.swift in Sources */ = {isa = PBXBuildFile; fileRef = 9D1E6C4D2D418B80004F7125 /* CallSchedule.swift */; };
		9D1E6C772D418B80004F7125 /* ScenarioSelectionView.swift in Sources */ = {isa = PBXBuildFile; fileRef = 9D1E6C4F2D418B80004F7125 /* ScenarioSelectionView.swift */; };
		9D1E6C782D418B80004F7125 /* User.swift in Sources */ = {isa = PBXBuildFile; fileRef = 9D1E6C512D418B80004F7125 /* User.swift */; };
		9D1E6C792D418B80004F7125 /* CallViewModel.swift in Sources */ = {isa = PBXBuildFile; fileRef = 9D1E6C4E2D418B80004F7125 /* CallViewModel.swift */; };
		9D1E6C7A2D418B80004F7125 /* NetworkManager.swift in Sources */ = {isa = PBXBuildFile; fileRef = 9D1E6C5A2D418B80004F7125 /* NetworkManager.swift */; };
		9D1E6C7B2D418B80004F7125 /* CallService.swift in Sources */ = {isa = PBXBuildFile; fileRef = 9D1E6C562D418B80004F7125 /* CallService.swift */; };
		9D1E6C7C2D418B80004F7125 /* RegisterView.swift in Sources */ = {isa = PBXBuildFile; fileRef = 9D1E6C632D418B80004F7125 /* RegisterView.swift */; };
		9D1E6C7D2D418B80004F7125 /* KeychainManager.swift in Sources */ = {isa = PBXBuildFile; fileRef = 9D1E6C592D418B80004F7125 /* KeychainManager.swift */; };
		9D1E6C7E2D418B80004F7125 /* TokenResponse.swift in Sources */ = {isa = PBXBuildFile; fileRef = 9D1E6C502D418B80004F7125 /* TokenResponse.swift */; };
		9D1E6C7F2D418B80004F7125 /* AuthView.swift in Sources */ = {isa = PBXBuildFile; fileRef = 9D1E6C602D418B80004F7125 /* AuthView.swift */; };
		9D1E6C802D418B80004F7125 /* ScheduleCallView.swift in Sources */ = {isa = PBXBuildFile; fileRef = 9D1E6C642D418B80004F7125 /* ScheduleCallView.swift */; };
		9D1E6C812D418B80004F7125 /* AuthService.swift in Sources */ = {isa = PBXBuildFile; fileRef = 9D1E6C552D418B80004F7125 /* AuthService.swift */; };
		9D1E6C822D418B80004F7125 /* ScheduleCallViewModel.swift in Sources */ = {isa = PBXBuildFile; fileRef = 9D1E6C5E2D418B80004F7125 /* ScheduleCallViewModel.swift */; };
		9D1E6C832D418B80004F7125 /* Extensions.swift in Sources */ = {isa = PBXBuildFile; fileRef = 9D1E6C582D418B80004F7125 /* Extensions.swift */; };
		9D1E6C842D418B80004F7125 /* HomeViewModel.swift in Sources */ = {isa = PBXBuildFile; fileRef = 9D1E6C5D2D418B80004F7125 /* HomeViewModel.swift */; };
		9D1E6C852D418B80004F7125 /* Item.swift in Sources */ = {isa = PBXBuildFile; fileRef = 9D1E6C6B2D418B80004F7125 /* Item.swift */; };
		9D2571C42D55D6C700FDB900 /* CallView.swift in Sources */ = {isa = PBXBuildFile; fileRef = 9D2571C32D55D6C700FDB900 /* CallView.swift */; };
		9D2571C62D55D6FA00FDB900 /* ScheduleView.swift in Sources */ = {isa = PBXBuildFile; fileRef = 9D2571C52D55D6FA00FDB900 /* ScheduleView.swift */; };
		9D2571C82D55D71200FDB900 /* SettingsTabView.swift in Sources */ = {isa = PBXBuildFile; fileRef = 9D2571C72D55D71200FDB900 /* SettingsTabView.swift */; };
		9D2571CA2D55D73000FDB900 /* CustomPromptView.swift in Sources */ = {isa = PBXBuildFile; fileRef = 9D2571C92D55D73000FDB900 /* CustomPromptView.swift */; };
		9D2571CC2D55D78100FDB900 /* ThemeManager.swift in Sources */ = {isa = PBXBuildFile; fileRef = 9D2571CB2D55D78100FDB900 /* ThemeManager.swift */; };
		9D2571CE2D56594D00FDB900 /* AuthPromptView.swift in Sources */ = {isa = PBXBuildFile; fileRef = 9D2571CD2D56594D00FDB900 /* AuthPromptView.swift */; };
		9D2571D12D5659AA00FDB900 /* AuthPromptModifier.swift in Sources */ = {isa = PBXBuildFile; fileRef = 9D2571CF2D5659AA00FDB900 /* AuthPromptModifier.swift */; };
		9D2B94522D56C84400371F0D /* ZigZagView.swift in Sources */ = {isa = PBXBuildFile; fileRef = 9D2B94502D56C84400371F0D /* ZigZagView.swift */; };
		9D2B94532D56C84400371F0D /* PremiumUpgradeButton.swift in Sources */ = {isa = PBXBuildFile; fileRef = 9D2B944F2D56C84400371F0D /* PremiumUpgradeButton.swift */; };
		9D33C88B2CEF902200902E96 /* File.txt in Resources */ = {isa = PBXBuildFile; fileRef = 9D33C88A2CEF902200902E96 /* File.txt */; };
		9D6013002D48926F00F566C2 /* CallHistoryView.swift in Sources */ = {isa = PBXBuildFile; fileRef = 9D6012FD2D48926F00F566C2 /* CallHistoryView.swift */; };
		9D6013012D48926F00F566C2 /* AccountView.swift in Sources */ = {isa = PBXBuildFile; fileRef = 9D6012FC2D48926F00F566C2 /* AccountView.swift */; };
		9D6013022D48926F00F566C2 /* SettingsView.swift in Sources */ = {isa = PBXBuildFile; fileRef = 9D6012FF2D48926F00F566C2 /* SettingsView.swift */; };
		9D6013032D48926F00F566C2 /* HelpSupportView.swift in Sources */ = {isa = PBXBuildFile; fileRef = 9D6012FE2D48926F00F566C2 /* HelpSupportView.swift */; };
		9DDE9E212D57C384009FBE55 /* PurchaseManager.swift in Sources */ = {isa = PBXBuildFile; fileRef = 9DDE9E1F2D57C384009FBE55 /* PurchaseManager.swift */; };
		9DDE9E232D57C685009FBE55 /* Configuration.storekit in Resources */ = {isa = PBXBuildFile; fileRef = 9DDE9E222D57C685009FBE55 /* Configuration.storekit */; };
		9DDE9E252D586585009FBE55 /* CallHistory.swift in Sources */ = {isa = PBXBuildFile; fileRef = 9DDE9E242D586585009FBE55 /* CallHistory.swift */; };
		9DFC07D62D5BDCB700E88B1B /* SavedPrompt.swift in Sources */ = {isa = PBXBuildFile; fileRef = 9DFC07D52D5BDCB700E88B1B /* SavedPrompt.swift */; };
/* End PBXBuildFile section */

/* Begin PBXContainerItemProxy section */
		9D2790D42CC46BCD0025F8A1 /* PBXContainerItemProxy */ = {
			isa = PBXContainerItemProxy;
			containerPortal = 9D2790B72CC46BCC0025F8A1 /* Project object */;
			proxyType = 1;
			remoteGlobalIDString = 9D2790BE2CC46BCC0025F8A1;
			remoteInfo = AiFriendChat;
		};
		9D2790DE2CC46BCD0025F8A1 /* PBXContainerItemProxy */ = {
			isa = PBXContainerItemProxy;
			containerPortal = 9D2790B72CC46BCC0025F8A1 /* Project object */;
			proxyType = 1;
			remoteGlobalIDString = 9D2790BE2CC46BCC0025F8A1;
			remoteInfo = AiFriendChat;
		};
/* End PBXContainerItemProxy section */

/* Begin PBXFileReference section */
		9D1E6C4D2D418B80004F7125 /* CallSchedule.swift */ = {isa = PBXFileReference; lastKnownFileType = sourcecode.swift; path = CallSchedule.swift; sourceTree = "<group>"; };
		9D1E6C4E2D418B80004F7125 /* CallViewModel.swift */ = {isa = PBXFileReference; lastKnownFileType = sourcecode.swift; path = CallViewModel.swift; sourceTree = "<group>"; };
		9D1E6C4F2D418B80004F7125 /* ScenarioSelectionView.swift */ = {isa = PBXFileReference; lastKnownFileType = sourcecode.swift; path = ScenarioSelectionView.swift; sourceTree = "<group>"; };
		9D1E6C502D418B80004F7125 /* TokenResponse.swift */ = {isa = PBXFileReference; lastKnownFileType = sourcecode.swift; path = TokenResponse.swift; sourceTree = "<group>"; };
		9D1E6C512D418B80004F7125 /* User.swift */ = {isa = PBXFileReference; lastKnownFileType = sourcecode.swift; path = User.swift; sourceTree = "<group>"; };
		9D1E6C532D418B80004F7125 /* Preview Assets.xcassets */ = {isa = PBXFileReference; lastKnownFileType = folder.assetcatalog; path = "Preview Assets.xcassets"; sourceTree = "<group>"; };
		9D1E6C552D418B80004F7125 /* AuthService.swift */ = {isa = PBXFileReference; lastKnownFileType = sourcecode.swift; path = AuthService.swift; sourceTree = "<group>"; };
		9D1E6C562D418B80004F7125 /* CallService.swift */ = {isa = PBXFileReference; lastKnownFileType = sourcecode.swift; path = CallService.swift; sourceTree = "<group>"; };
		9D1E6C582D418B80004F7125 /* Extensions.swift */ = {isa = PBXFileReference; lastKnownFileType = sourcecode.swift; path = Extensions.swift; sourceTree = "<group>"; };
		9D1E6C592D418B80004F7125 /* KeychainManager.swift */ = {isa = PBXFileReference; lastKnownFileType = sourcecode.swift; path = KeychainManager.swift; sourceTree = "<group>"; };
		9D1E6C5A2D418B80004F7125 /* NetworkManager.swift */ = {isa = PBXFileReference; lastKnownFileType = sourcecode.swift; path = NetworkManager.swift; sourceTree = "<group>"; };
		9D1E6C5C2D418B80004F7125 /* AuthViewModel.swift */ = {isa = PBXFileReference; lastKnownFileType = sourcecode.swift; path = AuthViewModel.swift; sourceTree = "<group>"; };
		9D1E6C5D2D418B80004F7125 /* HomeViewModel.swift */ = {isa = PBXFileReference; lastKnownFileType = sourcecode.swift; path = HomeViewModel.swift; sourceTree = "<group>"; };
		9D1E6C5E2D418B80004F7125 /* ScheduleCallViewModel.swift */ = {isa = PBXFileReference; lastKnownFileType = sourcecode.swift; path = ScheduleCallViewModel.swift; sourceTree = "<group>"; };
		9D1E6C602D418B80004F7125 /* AuthView.swift */ = {isa = PBXFileReference; lastKnownFileType = sourcecode.swift; path = AuthView.swift; sourceTree = "<group>"; };
		9D1E6C612D418B80004F7125 /* HomeView.swift */ = {isa = PBXFileReference; lastKnownFileType = sourcecode.swift; path = HomeView.swift; sourceTree = "<group>"; };
		9D1E6C622D418B80004F7125 /* LoginView.swift */ = {isa = PBXFileReference; lastKnownFileType = sourcecode.swift; path = LoginView.swift; sourceTree = "<group>"; };
		9D1E6C632D418B80004F7125 /* RegisterView.swift */ = {isa = PBXFileReference; lastKnownFileType = sourcecode.swift; path = RegisterView.swift; sourceTree = "<group>"; };
		9D1E6C642D418B80004F7125 /* ScheduleCallView.swift */ = {isa = PBXFileReference; lastKnownFileType = sourcecode.swift; path = ScheduleCallView.swift; sourceTree = "<group>"; };
		9D1E6C662D418B80004F7125 /* AiFriendChat.entitlements */ = {isa = PBXFileReference; lastKnownFileType = text.plist.entitlements; path = AiFriendChat.entitlements; sourceTree = "<group>"; };
		9D1E6C672D418B80004F7125 /* AiFriendChatApp.swift */ = {isa = PBXFileReference; lastKnownFileType = sourcecode.swift; path = AiFriendChatApp.swift; sourceTree = "<group>"; };
		9D1E6C682D418B80004F7125 /* Assets.xcassets */ = {isa = PBXFileReference; lastKnownFileType = folder.assetcatalog; path = Assets.xcassets; sourceTree = "<group>"; };
		9D1E6C692D418B80004F7125 /* ContentView.swift */ = {isa = PBXFileReference; lastKnownFileType = sourcecode.swift; path = ContentView.swift; sourceTree = "<group>"; };
		9D1E6C6A2D418B80004F7125 /* Info.plist */ = {isa = PBXFileReference; lastKnownFileType = text.plist.xml; path = Info.plist; sourceTree = "<group>"; };
		9D1E6C6B2D418B80004F7125 /* Item.swift */ = {isa = PBXFileReference; lastKnownFileType = sourcecode.swift; path = Item.swift; sourceTree = "<group>"; };
		9D2571C32D55D6C700FDB900 /* CallView.swift */ = {isa = PBXFileReference; lastKnownFileType = sourcecode.swift; path = CallView.swift; sourceTree = "<group>"; };
		9D2571C52D55D6FA00FDB900 /* ScheduleView.swift */ = {isa = PBXFileReference; lastKnownFileType = sourcecode.swift; path = ScheduleView.swift; sourceTree = "<group>"; };
		9D2571C72D55D71200FDB900 /* SettingsTabView.swift */ = {isa = PBXFileReference; lastKnownFileType = sourcecode.swift; path = SettingsTabView.swift; sourceTree = "<group>"; };
		9D2571C92D55D73000FDB900 /* CustomPromptView.swift */ = {isa = PBXFileReference; lastKnownFileType = sourcecode.swift; path = CustomPromptView.swift; sourceTree = "<group>"; };
		9D2571CB2D55D78100FDB900 /* ThemeManager.swift */ = {isa = PBXFileReference; lastKnownFileType = sourcecode.swift; path = ThemeManager.swift; sourceTree = "<group>"; };
		9D2571CD2D56594D00FDB900 /* AuthPromptView.swift */ = {isa = PBXFileReference; lastKnownFileType = sourcecode.swift; path = AuthPromptView.swift; sourceTree = "<group>"; };
		9D2571CF2D5659AA00FDB900 /* AuthPromptModifier.swift */ = {isa = PBXFileReference; lastKnownFileType = sourcecode.swift; path = AuthPromptModifier.swift; sourceTree = "<group>"; };
		9D2790BF2CC46BCC0025F8A1 /* AiFriendChat.app */ = {isa = PBXFileReference; explicitFileType = wrapper.application; includeInIndex = 0; path = AiFriendChat.app; sourceTree = BUILT_PRODUCTS_DIR; };
		9D2790D32CC46BCD0025F8A1 /* AiFriendChatTests.xctest */ = {isa = PBXFileReference; explicitFileType = wrapper.cfbundle; includeInIndex = 0; path = AiFriendChatTests.xctest; sourceTree = BUILT_PRODUCTS_DIR; };
		9D2790DD2CC46BCD0025F8A1 /* AiFriendChatUITests.xctest */ = {isa = PBXFileReference; explicitFileType = wrapper.cfbundle; includeInIndex = 0; path = AiFriendChatUITests.xctest; sourceTree = BUILT_PRODUCTS_DIR; };
		9D2B944F2D56C84400371F0D /* PremiumUpgradeButton.swift */ = {isa = PBXFileReference; lastKnownFileType = sourcecode.swift; path = PremiumUpgradeButton.swift; sourceTree = "<group>"; };
		9D2B94502D56C84400371F0D /* ZigZagView.swift */ = {isa = PBXFileReference; lastKnownFileType = sourcecode.swift; path = ZigZagView.swift; sourceTree = "<group>"; };
		9D33C88A2CEF902200902E96 /* File.txt */ = {isa = PBXFileReference; lastKnownFileType = text; path = File.txt; sourceTree = "<group>"; };
		9D6012FC2D48926F00F566C2 /* AccountView.swift */ = {isa = PBXFileReference; lastKnownFileType = sourcecode.swift; path = AccountView.swift; sourceTree = "<group>"; };
		9D6012FD2D48926F00F566C2 /* CallHistoryView.swift */ = {isa = PBXFileReference; lastKnownFileType = sourcecode.swift; path = CallHistoryView.swift; sourceTree = "<group>"; };
		9D6012FE2D48926F00F566C2 /* HelpSupportView.swift */ = {isa = PBXFileReference; lastKnownFileType = sourcecode.swift; path = HelpSupportView.swift; sourceTree = "<group>"; };
		9D6012FF2D48926F00F566C2 /* SettingsView.swift */ = {isa = PBXFileReference; lastKnownFileType = sourcecode.swift; path = SettingsView.swift; sourceTree = "<group>"; };
		9DDE9E1F2D57C384009FBE55 /* PurchaseManager.swift */ = {isa = PBXFileReference; lastKnownFileType = sourcecode.swift; path = PurchaseManager.swift; sourceTree = "<group>"; };
		9DDE9E222D57C685009FBE55 /* Configuration.storekit */ = {isa = PBXFileReference; lastKnownFileType = text; path = Configuration.storekit; sourceTree = "<group>"; };
		9DDE9E242D586585009FBE55 /* CallHistory.swift */ = {isa = PBXFileReference; lastKnownFileType = sourcecode.swift; path = CallHistory.swift; sourceTree = "<group>"; };
		9DFC07D52D5BDCB700E88B1B /* SavedPrompt.swift */ = {isa = PBXFileReference; lastKnownFileType = sourcecode.swift; path = SavedPrompt.swift; sourceTree = "<group>"; };
/* End PBXFileReference section */

/* Begin PBXFileSystemSynchronizedRootGroup section */
		9D2790D62CC46BCD0025F8A1 /* AiFriendChatTests */ = {
			isa = PBXFileSystemSynchronizedRootGroup;
			path = AiFriendChatTests;
			sourceTree = "<group>";
		};
		9D2790E02CC46BCD0025F8A1 /* AiFriendChatUITests */ = {
			isa = PBXFileSystemSynchronizedRootGroup;
			path = AiFriendChatUITests;
			sourceTree = "<group>";
		};
/* End PBXFileSystemSynchronizedRootGroup section */

/* Begin PBXFrameworksBuildPhase section */
		9D2790BC2CC46BCC0025F8A1 /* Frameworks */ = {
			isa = PBXFrameworksBuildPhase;
			buildActionMask = 2147483647;
			files = (
			);
			runOnlyForDeploymentPostprocessing = 0;
		};
		9D2790D02CC46BCD0025F8A1 /* Frameworks */ = {
			isa = PBXFrameworksBuildPhase;
			buildActionMask = 2147483647;
			files = (
			);
			runOnlyForDeploymentPostprocessing = 0;
		};
		9D2790DA2CC46BCD0025F8A1 /* Frameworks */ = {
			isa = PBXFrameworksBuildPhase;
			buildActionMask = 2147483647;
			files = (
			);
			runOnlyForDeploymentPostprocessing = 0;
		};
/* End PBXFrameworksBuildPhase section */

/* Begin PBXGroup section */
		9D1E6C4A2D418B80004F7125 /* App */ = {
			isa = PBXGroup;
			children = (
			);
			path = App;
			sourceTree = "<group>";
		};
		9D1E6C522D418B80004F7125 /* Models */ = {
			isa = PBXGroup;
			children = (
				9DFC07D52D5BDCB700E88B1B /* SavedPrompt.swift */,
				9DDE9E242D586585009FBE55 /* CallHistory.swift */,
				9D1E6C4D2D418B80004F7125 /* CallSchedule.swift */,
				9D1E6C4E2D418B80004F7125 /* CallViewModel.swift */,
				9D1E6C4F2D418B80004F7125 /* ScenarioSelectionView.swift */,
				9D1E6C502D418B80004F7125 /* TokenResponse.swift */,
				9D1E6C512D418B80004F7125 /* User.swift */,
			);
			path = Models;
			sourceTree = "<group>";
		};
		9D1E6C542D418B80004F7125 /* Preview Content */ = {
			isa = PBXGroup;
			children = (
				9D1E6C532D418B80004F7125 /* Preview Assets.xcassets */,
			);
			path = "Preview Content";
			sourceTree = "<group>";
		};
		9D1E6C572D418B80004F7125 /* Services */ = {
			isa = PBXGroup;
			children = (
				9D1E6C552D418B80004F7125 /* AuthService.swift */,
				9D1E6C562D418B80004F7125 /* CallService.swift */,
			);
			path = Services;
			sourceTree = "<group>";
		};
		9D1E6C5B2D418B80004F7125 /* Utilities */ = {
			isa = PBXGroup;
			children = (
				9D2571CB2D55D78100FDB900 /* ThemeManager.swift */,
				9D1E6C582D418B80004F7125 /* Extensions.swift */,
				9D1E6C592D418B80004F7125 /* KeychainManager.swift */,
				9D1E6C5A2D418B80004F7125 /* NetworkManager.swift */,
			);
			path = Utilities;
			sourceTree = "<group>";
		};
		9D1E6C5F2D418B80004F7125 /* ViewModels */ = {
			isa = PBXGroup;
			children = (
				9D1E6C5C2D418B80004F7125 /* AuthViewModel.swift */,
				9D1E6C5D2D418B80004F7125 /* HomeViewModel.swift */,
				9D1E6C5E2D418B80004F7125 /* ScheduleCallViewModel.swift */,
			);
			path = ViewModels;
			sourceTree = "<group>";
		};
		9D1E6C652D418B80004F7125 /* Views */ = {
			isa = PBXGroup;
			children = (
				9D2B94512D56C84400371F0D /* Components */,
				9D2571D02D5659AA00FDB900 /* Modifiers */,
				9D2571CD2D56594D00FDB900 /* AuthPromptView.swift */,
				9D2571C92D55D73000FDB900 /* CustomPromptView.swift */,
				9D2571C72D55D71200FDB900 /* SettingsTabView.swift */,
				9D2571C52D55D6FA00FDB900 /* ScheduleView.swift */,
				9D2571C32D55D6C700FDB900 /* CallView.swift */,
				9D6012FC2D48926F00F566C2 /* AccountView.swift */,
				9D6012FD2D48926F00F566C2 /* CallHistoryView.swift */,
				9D6012FE2D48926F00F566C2 /* HelpSupportView.swift */,
				9D6012FF2D48926F00F566C2 /* SettingsView.swift */,
				9D1E6C602D418B80004F7125 /* AuthView.swift */,
				9D1E6C612D418B80004F7125 /* HomeView.swift */,
				9D1E6C622D418B80004F7125 /* LoginView.swift */,
				9D1E6C632D418B80004F7125 /* RegisterView.swift */,
				9D1E6C642D418B80004F7125 /* ScheduleCallView.swift */,
			);
			path = Views;
			sourceTree = "<group>";
		};
		9D1E6C6C2D418B80004F7125 /* AiFriendChat */ = {
			isa = PBXGroup;
			children = (
				9DDE9E222D57C685009FBE55 /* Configuration.storekit */,
				9DDE9E202D57C384009FBE55 /* InAppPurchases */,
				9D1E6C4A2D418B80004F7125 /* App */,
				9D1E6C522D418B80004F7125 /* Models */,
				9D1E6C542D418B80004F7125 /* Preview Content */,
				9D1E6C572D418B80004F7125 /* Services */,
				9D1E6C5B2D418B80004F7125 /* Utilities */,
				9D1E6C5F2D418B80004F7125 /* ViewModels */,
				9D1E6C652D418B80004F7125 /* Views */,
				9D1E6C662D418B80004F7125 /* AiFriendChat.entitlements */,
				9D1E6C672D418B80004F7125 /* AiFriendChatApp.swift */,
				9D1E6C682D418B80004F7125 /* Assets.xcassets */,
				9D1E6C692D418B80004F7125 /* ContentView.swift */,
				9D1E6C6A2D418B80004F7125 /* Info.plist */,
				9D1E6C6B2D418B80004F7125 /* Item.swift */,
			);
			path = AiFriendChat;
			sourceTree = "<group>";
		};
		9D2571D02D5659AA00FDB900 /* Modifiers */ = {
			isa = PBXGroup;
			children = (
				9D2571CF2D5659AA00FDB900 /* AuthPromptModifier.swift */,
			);
			path = Modifiers;
			sourceTree = "<group>";
		};
		9D2790B62CC46BCC0025F8A1 = {
			isa = PBXGroup;
			children = (
				9D33C88A2CEF902200902E96 /* File.txt */,
				9D1E6C6C2D418B80004F7125 /* AiFriendChat */,
				9D2790D62CC46BCD0025F8A1 /* AiFriendChatTests */,
				9D2790E02CC46BCD0025F8A1 /* AiFriendChatUITests */,
				9D2790C02CC46BCC0025F8A1 /* Products */,
			);
			sourceTree = "<group>";
		};
		9D2790C02CC46BCC0025F8A1 /* Products */ = {
			isa = PBXGroup;
			children = (
				9D2790BF2CC46BCC0025F8A1 /* AiFriendChat.app */,
				9D2790D32CC46BCD0025F8A1 /* AiFriendChatTests.xctest */,
				9D2790DD2CC46BCD0025F8A1 /* AiFriendChatUITests.xctest */,
			);
			name = Products;
			sourceTree = "<group>";
		};
		9D2B94512D56C84400371F0D /* Components */ = {
			isa = PBXGroup;
			children = (
				9D2B944F2D56C84400371F0D /* PremiumUpgradeButton.swift */,
				9D2B94502D56C84400371F0D /* ZigZagView.swift */,
			);
			path = Components;
			sourceTree = "<group>";
		};
		9DDE9E202D57C384009FBE55 /* InAppPurchases */ = {
			isa = PBXGroup;
			children = (
				9DDE9E1F2D57C384009FBE55 /* PurchaseManager.swift */,
			);
			path = InAppPurchases;
			sourceTree = "<group>";
		};
/* End PBXGroup section */

/* Begin PBXNativeTarget section */
		9D2790BE2CC46BCC0025F8A1 /* AiFriendChat */ = {
			isa = PBXNativeTarget;
			buildConfigurationList = 9D2790E62CC46BCD0025F8A1 /* Build configuration list for PBXNativeTarget "AiFriendChat" */;
			buildPhases = (
				9D2790BB2CC46BCC0025F8A1 /* Sources */,
				9D2790BC2CC46BCC0025F8A1 /* Frameworks */,
				9D2790BD2CC46BCC0025F8A1 /* Resources */,
			);
			buildRules = (
			);
			dependencies = (
			);
			name = AiFriendChat;
			packageProductDependencies = (
			);
			productName = AiFriendChat;
			productReference = 9D2790BF2CC46BCC0025F8A1 /* AiFriendChat.app */;
			productType = "com.apple.product-type.application";
		};
		9D2790D22CC46BCD0025F8A1 /* AiFriendChatTests */ = {
			isa = PBXNativeTarget;
			buildConfigurationList = 9D2790EB2CC46BCD0025F8A1 /* Build configuration list for PBXNativeTarget "AiFriendChatTests" */;
			buildPhases = (
				9D2790CF2CC46BCD0025F8A1 /* Sources */,
				9D2790D02CC46BCD0025F8A1 /* Frameworks */,
				9D2790D12CC46BCD0025F8A1 /* Resources */,
			);
			buildRules = (
			);
			dependencies = (
				9D2790D52CC46BCD0025F8A1 /* PBXTargetDependency */,
			);
			fileSystemSynchronizedGroups = (
				9D2790D62CC46BCD0025F8A1 /* AiFriendChatTests */,
			);
			name = AiFriendChatTests;
			packageProductDependencies = (
			);
			productName = AiFriendChatTests;
			productReference = 9D2790D32CC46BCD0025F8A1 /* AiFriendChatTests.xctest */;
			productType = "com.apple.product-type.bundle.unit-test";
		};
		9D2790DC2CC46BCD0025F8A1 /* AiFriendChatUITests */ = {
			isa = PBXNativeTarget;
			buildConfigurationList = 9D2790EE2CC46BCD0025F8A1 /* Build configuration list for PBXNativeTarget "AiFriendChatUITests" */;
			buildPhases = (
				9D2790D92CC46BCD0025F8A1 /* Sources */,
				9D2790DA2CC46BCD0025F8A1 /* Frameworks */,
				9D2790DB2CC46BCD0025F8A1 /* Resources */,
			);
			buildRules = (
			);
			dependencies = (
				9D2790DF2CC46BCD0025F8A1 /* PBXTargetDependency */,
			);
			fileSystemSynchronizedGroups = (
				9D2790E02CC46BCD0025F8A1 /* AiFriendChatUITests */,
			);
			name = AiFriendChatUITests;
			packageProductDependencies = (
			);
			productName = AiFriendChatUITests;
			productReference = 9D2790DD2CC46BCD0025F8A1 /* AiFriendChatUITests.xctest */;
			productType = "com.apple.product-type.bundle.ui-testing";
		};
/* End PBXNativeTarget section */

/* Begin PBXProject section */
		9D2790B72CC46BCC0025F8A1 /* Project object */ = {
			isa = PBXProject;
			attributes = {
				BuildIndependentTargetsInParallel = 1;
				LastSwiftUpdateCheck = 1600;
				LastUpgradeCheck = 1600;
				TargetAttributes = {
					9D2790BE2CC46BCC0025F8A1 = {
						CreatedOnToolsVersion = 16.0;
					};
					9D2790D22CC46BCD0025F8A1 = {
						CreatedOnToolsVersion = 16.0;
						TestTargetID = 9D2790BE2CC46BCC0025F8A1;
					};
					9D2790DC2CC46BCD0025F8A1 = {
						CreatedOnToolsVersion = 16.0;
						TestTargetID = 9D2790BE2CC46BCC0025F8A1;
					};
				};
			};
			buildConfigurationList = 9D2790BA2CC46BCC0025F8A1 /* Build configuration list for PBXProject "AiFriendChat" */;
			developmentRegion = en;
			hasScannedForEncodings = 0;
			knownRegions = (
				en,
				Base,
			);
			mainGroup = 9D2790B62CC46BCC0025F8A1;
			minimizedProjectReferenceProxies = 1;
			preferredProjectObjectVersion = 77;
			productRefGroup = 9D2790C02CC46BCC0025F8A1 /* Products */;
			projectDirPath = "";
			projectRoot = "";
			targets = (
				9D2790BE2CC46BCC0025F8A1 /* AiFriendChat */,
				9D2790D22CC46BCD0025F8A1 /* AiFriendChatTests */,
				9D2790DC2CC46BCD0025F8A1 /* AiFriendChatUITests */,
			);
		};
/* End PBXProject section */

/* Begin PBXResourcesBuildPhase section */
		9D2790BD2CC46BCC0025F8A1 /* Resources */ = {
			isa = PBXResourcesBuildPhase;
			buildActionMask = 2147483647;
			files = (
				9D1E6C6D2D418B80004F7125 /* Assets.xcassets in Resources */,
				9DDE9E232D57C685009FBE55 /* Configuration.storekit in Resources */,
				9D1E6C6E2D418B80004F7125 /* Preview Assets.xcassets in Resources */,
				9D33C88B2CEF902200902E96 /* File.txt in Resources */,
			);
			runOnlyForDeploymentPostprocessing = 0;
		};
		9D2790D12CC46BCD0025F8A1 /* Resources */ = {
			isa = PBXResourcesBuildPhase;
			buildActionMask = 2147483647;
			files = (
			);
			runOnlyForDeploymentPostprocessing = 0;
		};
		9D2790DB2CC46BCD0025F8A1 /* Resources */ = {
			isa = PBXResourcesBuildPhase;
			buildActionMask = 2147483647;
			files = (
			);
			runOnlyForDeploymentPostprocessing = 0;
		};
/* End PBXResourcesBuildPhase section */

/* Begin PBXSourcesBuildPhase section */
		9D2790BB2CC46BCC0025F8A1 /* Sources */ = {
			isa = PBXSourcesBuildPhase;
			buildActionMask = 2147483647;
			files = (
				9D2571D12D5659AA00FDB900 /* AuthPromptModifier.swift in Sources */,
				9D6013002D48926F00F566C2 /* CallHistoryView.swift in Sources */,
				9DFC07D62D5BDCB700E88B1B /* SavedPrompt.swift in Sources */,
				9D6013012D48926F00F566C2 /* AccountView.swift in Sources */,
				9D6013022D48926F00F566C2 /* SettingsView.swift in Sources */,
				9D6013032D48926F00F566C2 /* HelpSupportView.swift in Sources */,
				9D1E6C702D418B80004F7125 /* AuthViewModel.swift in Sources */,
				9D1E6C712D418B80004F7125 /* AiFriendChatApp.swift in Sources */,
				9D1E6C722D418B80004F7125 /* HomeView.swift in Sources */,
				9D1E6C732D418B80004F7125 /* ContentView.swift in Sources */,
				9D1E6C742D418B80004F7125 /* LoginView.swift in Sources */,
				9DDE9E212D57C384009FBE55 /* PurchaseManager.swift in Sources */,
				9D1E6C762D418B80004F7125 /* CallSchedule.swift in Sources */,
				9D1E6C772D418B80004F7125 /* ScenarioSelectionView.swift in Sources */,
				9D1E6C782D418B80004F7125 /* User.swift in Sources */,
				9D1E6C792D418B80004F7125 /* CallViewModel.swift in Sources */,
				9D1E6C7A2D418B80004F7125 /* NetworkManager.swift in Sources */,
				9D1E6C7B2D418B80004F7125 /* CallService.swift in Sources */,
				9D1E6C7C2D418B80004F7125 /* RegisterView.swift in Sources */,
				9D2571C62D55D6FA00FDB900 /* ScheduleView.swift in Sources */,
				9D1E6C7D2D418B80004F7125 /* KeychainManager.swift in Sources */,
				9D2571CC2D55D78100FDB900 /* ThemeManager.swift in Sources */,
				9D1E6C7E2D418B80004F7125 /* TokenResponse.swift in Sources */,
				9D2571C82D55D71200FDB900 /* SettingsTabView.swift in Sources */,
				9D1E6C7F2D418B80004F7125 /* AuthView.swift in Sources */,
				9D1E6C802D418B80004F7125 /* ScheduleCallView.swift in Sources */,
				9D2571C42D55D6C700FDB900 /* CallView.swift in Sources */,
				9D1E6C812D418B80004F7125 /* AuthService.swift in Sources */,
				9D1E6C822D418B80004F7125 /* ScheduleCallViewModel.swift in Sources */,
				9D2B94522D56C84400371F0D /* ZigZagView.swift in Sources */,
				9D2B94532D56C84400371F0D /* PremiumUpgradeButton.swift in Sources */,
				9DDE9E252D586585009FBE55 /* CallHistory.swift in Sources */,
				9D1E6C832D418B80004F7125 /* Extensions.swift in Sources */,
				9D2571CA2D55D73000FDB900 /* CustomPromptView.swift in Sources */,
				9D1E6C842D418B80004F7125 /* HomeViewModel.swift in Sources */,
				9D2571CE2D56594D00FDB900 /* AuthPromptView.swift in Sources */,
				9D1E6C852D418B80004F7125 /* Item.swift in Sources */,
			);
			runOnlyForDeploymentPostprocessing = 0;
		};
		9D2790CF2CC46BCD0025F8A1 /* Sources */ = {
			isa = PBXSourcesBuildPhase;
			buildActionMask = 2147483647;
			files = (
			);
			runOnlyForDeploymentPostprocessing = 0;
		};
		9D2790D92CC46BCD0025F8A1 /* Sources */ = {
			isa = PBXSourcesBuildPhase;
			buildActionMask = 2147483647;
			files = (
			);
			runOnlyForDeploymentPostprocessing = 0;
		};
/* End PBXSourcesBuildPhase section */

/* Begin PBXTargetDependency section */
		9D2790D52CC46BCD0025F8A1 /* PBXTargetDependency */ = {
			isa = PBXTargetDependency;
			target = 9D2790BE2CC46BCC0025F8A1 /* AiFriendChat */;
			targetProxy = 9D2790D42CC46BCD0025F8A1 /* PBXContainerItemProxy */;
		};
		9D2790DF2CC46BCD0025F8A1 /* PBXTargetDependency */ = {
			isa = PBXTargetDependency;
			target = 9D2790BE2CC46BCC0025F8A1 /* AiFriendChat */;
			targetProxy = 9D2790DE2CC46BCD0025F8A1 /* PBXContainerItemProxy */;
		};
/* End PBXTargetDependency section */

/* Begin XCBuildConfiguration section */
		9D2790E72CC46BCD0025F8A1 /* Debug */ = {
			isa = XCBuildConfiguration;
			buildSettings = {
				ASSETCATALOG_COMPILER_APPICON_NAME = AppIcon;
				ASSETCATALOG_COMPILER_GLOBAL_ACCENT_COLOR_NAME = AccentColor;
				CODE_SIGN_ENTITLEMENTS = AiFriendChat/AiFriendChat.entitlements;
				CODE_SIGN_IDENTITY = "Apple Development";
				CODE_SIGN_STYLE = Automatic;
				CURRENT_PROJECT_VERSION = 10;
				DEVELOPMENT_ASSET_PATHS = "\"AiFriendChat/Preview Content\"";
				DEVELOPMENT_TEAM = 67AR6NPQWB;
				ENABLE_PREVIEWS = YES;
				GENERATE_INFOPLIST_FILE = YES;
				INFOPLIST_FILE = AiFriendChat/Info.plist;
				INFOPLIST_KEY_CFBundleDisplayName = AIFriendChat;
				INFOPLIST_KEY_LSApplicationCategoryType = "public.app-category.entertainment";
				INFOPLIST_KEY_NSLocalNetworkUsageDescription = "This app requires access to the local network to communicate with nearby devices and services.";
				INFOPLIST_KEY_UIApplicationSceneManifest_Generation = YES;
				INFOPLIST_KEY_UIApplicationSupportsIndirectInputEvents = YES;
				INFOPLIST_KEY_UILaunchScreen_Generation = YES;
				INFOPLIST_KEY_UISupportedInterfaceOrientations_iPad = "UIInterfaceOrientationPortrait UIInterfaceOrientationPortraitUpsideDown UIInterfaceOrientationLandscapeLeft UIInterfaceOrientationLandscapeRight";
				INFOPLIST_KEY_UISupportedInterfaceOrientations_iPhone = "UIInterfaceOrientationPortrait UIInterfaceOrientationLandscapeLeft UIInterfaceOrientationLandscapeRight";
				IPHONEOS_DEPLOYMENT_TARGET = 17.6;
				LD_RUNPATH_SEARCH_PATHS = (
					"$(inherited)",
					"@executable_path/Frameworks",
				);
				MARKETING_VERSION = 1.5;
				PRODUCT_BUNDLE_IDENTIFIER = com.hyperlabsAI.AiFriendChat;
				PRODUCT_NAME = "$(TARGET_NAME)";
				PROVISIONING_PROFILE_SPECIFIER = "";
				SUPPORTED_PLATFORMS = "iphoneos iphonesimulator";
				SUPPORTS_MACCATALYST = NO;
				SUPPORTS_XR_DESIGNED_FOR_IPHONE_IPAD = NO;
				SWIFT_EMIT_LOC_STRINGS = YES;
				SWIFT_VERSION = 5.0;
				TARGETED_DEVICE_FAMILY = 1;
			};
			name = Debug;
		};
		9D2790E82CC46BCD0025F8A1 /* Release */ = {
			isa = XCBuildConfiguration;
			buildSettings = {
				ASSETCATALOG_COMPILER_APPICON_NAME = AppIcon;
				ASSETCATALOG_COMPILER_GLOBAL_ACCENT_COLOR_NAME = AccentColor;
				CODE_SIGN_ENTITLEMENTS = AiFriendChat/AiFriendChat.entitlements;
				CODE_SIGN_IDENTITY = "Apple Development";
				CODE_SIGN_STYLE = Automatic;
				CURRENT_PROJECT_VERSION = 10;
				DEVELOPMENT_ASSET_PATHS = "\"AiFriendChat/Preview Content\"";
				DEVELOPMENT_TEAM = 67AR6NPQWB;
				ENABLE_PREVIEWS = YES;
				GENERATE_INFOPLIST_FILE = YES;
				INFOPLIST_FILE = AiFriendChat/Info.plist;
				INFOPLIST_KEY_CFBundleDisplayName = AIFriendChat;
				INFOPLIST_KEY_LSApplicationCategoryType = "public.app-category.entertainment";
				INFOPLIST_KEY_NSLocalNetworkUsageDescription = "This app requires access to the local network to communicate with nearby devices and services.";
				INFOPLIST_KEY_UIApplicationSceneManifest_Generation = YES;
				INFOPLIST_KEY_UIApplicationSupportsIndirectInputEvents = YES;
				INFOPLIST_KEY_UILaunchScreen_Generation = YES;
				INFOPLIST_KEY_UISupportedInterfaceOrientations_iPad = "UIInterfaceOrientationPortrait UIInterfaceOrientationPortraitUpsideDown UIInterfaceOrientationLandscapeLeft UIInterfaceOrientationLandscapeRight";
				INFOPLIST_KEY_UISupportedInterfaceOrientations_iPhone = "UIInterfaceOrientationPortrait UIInterfaceOrientationLandscapeLeft UIInterfaceOrientationLandscapeRight";
				IPHONEOS_DEPLOYMENT_TARGET = 17.6;
				LD_RUNPATH_SEARCH_PATHS = (
					"$(inherited)",
					"@executable_path/Frameworks",
				);
				MARKETING_VERSION = 1.5;
				PRODUCT_BUNDLE_IDENTIFIER = com.hyperlabsAI.AiFriendChat;
				PRODUCT_NAME = "$(TARGET_NAME)";
				PROVISIONING_PROFILE_SPECIFIER = "";
				SUPPORTED_PLATFORMS = "iphoneos iphonesimulator";
				SUPPORTS_MACCATALYST = NO;
				SUPPORTS_XR_DESIGNED_FOR_IPHONE_IPAD = NO;
				SWIFT_EMIT_LOC_STRINGS = YES;
				SWIFT_VERSION = 5.0;
				TARGETED_DEVICE_FAMILY = 1;
			};
			name = Release;
		};
		9D2790E92CC46BCD0025F8A1 /* Debug */ = {
			isa = XCBuildConfiguration;
			buildSettings = {
				ALWAYS_SEARCH_USER_PATHS = NO;
				ASSETCATALOG_COMPILER_GENERATE_SWIFT_ASSET_SYMBOL_EXTENSIONS = YES;
				CLANG_ANALYZER_NONNULL = YES;
				CLANG_ANALYZER_NUMBER_OBJECT_CONVERSION = YES_AGGRESSIVE;
				CLANG_CXX_LANGUAGE_STANDARD = "gnu++20";
				CLANG_ENABLE_MODULES = YES;
				CLANG_ENABLE_OBJC_ARC = YES;
				CLANG_ENABLE_OBJC_WEAK = YES;
				CLANG_WARN_BLOCK_CAPTURE_AUTORELEASING = YES;
				CLANG_WARN_BOOL_CONVERSION = YES;
				CLANG_WARN_COMMA = YES;
				CLANG_WARN_CONSTANT_CONVERSION = YES;
				CLANG_WARN_DEPRECATED_OBJC_IMPLEMENTATIONS = YES;
				CLANG_WARN_DIRECT_OBJC_ISA_USAGE = YES_ERROR;
				CLANG_WARN_DOCUMENTATION_COMMENTS = YES;
				CLANG_WARN_EMPTY_BODY = YES;
				CLANG_WARN_ENUM_CONVERSION = YES;
				CLANG_WARN_INFINITE_RECURSION = YES;
				CLANG_WARN_INT_CONVERSION = YES;
				CLANG_WARN_NON_LITERAL_NULL_CONVERSION = YES;
				CLANG_WARN_OBJC_IMPLICIT_RETAIN_SELF = YES;
				CLANG_WARN_OBJC_LITERAL_CONVERSION = YES;
				CLANG_WARN_OBJC_ROOT_CLASS = YES_ERROR;
				CLANG_WARN_QUOTED_INCLUDE_IN_FRAMEWORK_HEADER = YES;
				CLANG_WARN_RANGE_LOOP_ANALYSIS = YES;
				CLANG_WARN_STRICT_PROTOTYPES = YES;
				CLANG_WARN_SUSPICIOUS_MOVE = YES;
				CLANG_WARN_UNGUARDED_AVAILABILITY = YES_AGGRESSIVE;
				CLANG_WARN_UNREACHABLE_CODE = YES;
				CLANG_WARN__DUPLICATE_METHOD_MATCH = YES;
				COPY_PHASE_STRIP = NO;
				DEBUG_INFORMATION_FORMAT = dwarf;
				ENABLE_STRICT_OBJC_MSGSEND = YES;
				ENABLE_TESTABILITY = YES;
				ENABLE_USER_SCRIPT_SANDBOXING = YES;
				GCC_C_LANGUAGE_STANDARD = gnu17;
				GCC_DYNAMIC_NO_PIC = NO;
				GCC_NO_COMMON_BLOCKS = YES;
				GCC_OPTIMIZATION_LEVEL = 0;
				GCC_PREPROCESSOR_DEFINITIONS = (
					"DEBUG=1",
					"$(inherited)",
				);
				GCC_WARN_64_TO_32_BIT_CONVERSION = YES;
				GCC_WARN_ABOUT_RETURN_TYPE = YES_ERROR;
				GCC_WARN_UNDECLARED_SELECTOR = YES;
				GCC_WARN_UNINITIALIZED_AUTOS = YES_AGGRESSIVE;
				GCC_WARN_UNUSED_FUNCTION = YES;
				GCC_WARN_UNUSED_VARIABLE = YES;
				IPHONEOS_DEPLOYMENT_TARGET = 18.0;
				LOCALIZATION_PREFERS_STRING_CATALOGS = YES;
				MTL_ENABLE_DEBUG_INFO = INCLUDE_SOURCE;
				MTL_FAST_MATH = YES;
				ONLY_ACTIVE_ARCH = YES;
				SDKROOT = iphoneos;
				SWIFT_ACTIVE_COMPILATION_CONDITIONS = "DEBUG $(inherited)";
				SWIFT_OPTIMIZATION_LEVEL = "-Onone";
			};
			name = Debug;
		};
		9D2790EA2CC46BCD0025F8A1 /* Release */ = {
			isa = XCBuildConfiguration;
			buildSettings = {
				ALWAYS_SEARCH_USER_PATHS = NO;
				ASSETCATALOG_COMPILER_GENERATE_SWIFT_ASSET_SYMBOL_EXTENSIONS = YES;
				CLANG_ANALYZER_NONNULL = YES;
				CLANG_ANALYZER_NUMBER_OBJECT_CONVERSION = YES_AGGRESSIVE;
				CLANG_CXX_LANGUAGE_STANDARD = "gnu++20";
				CLANG_ENABLE_MODULES = YES;
				CLANG_ENABLE_OBJC_ARC = YES;
				CLANG_ENABLE_OBJC_WEAK = YES;
				CLANG_WARN_BLOCK_CAPTURE_AUTORELEASING = YES;
				CLANG_WARN_BOOL_CONVERSION = YES;
				CLANG_WARN_COMMA = YES;
				CLANG_WARN_CONSTANT_CONVERSION = YES;
				CLANG_WARN_DEPRECATED_OBJC_IMPLEMENTATIONS = YES;
				CLANG_WARN_DIRECT_OBJC_ISA_USAGE = YES_ERROR;
				CLANG_WARN_DOCUMENTATION_COMMENTS = YES;
				CLANG_WARN_EMPTY_BODY = YES;
				CLANG_WARN_ENUM_CONVERSION = YES;
				CLANG_WARN_INFINITE_RECURSION = YES;
				CLANG_WARN_INT_CONVERSION = YES;
				CLANG_WARN_NON_LITERAL_NULL_CONVERSION = YES;
				CLANG_WARN_OBJC_IMPLICIT_RETAIN_SELF = YES;
				CLANG_WARN_OBJC_LITERAL_CONVERSION = YES;
				CLANG_WARN_OBJC_ROOT_CLASS = YES_ERROR;
				CLANG_WARN_QUOTED_INCLUDE_IN_FRAMEWORK_HEADER = YES;
				CLANG_WARN_RANGE_LOOP_ANALYSIS = YES;
				CLANG_WARN_STRICT_PROTOTYPES = YES;
				CLANG_WARN_SUSPICIOUS_MOVE = YES;
				CLANG_WARN_UNGUARDED_AVAILABILITY = YES_AGGRESSIVE;
				CLANG_WARN_UNREACHABLE_CODE = YES;
				CLANG_WARN__DUPLICATE_METHOD_MATCH = YES;
				COPY_PHASE_STRIP = NO;
				DEBUG_INFORMATION_FORMAT = "dwarf-with-dsym";
				ENABLE_NS_ASSERTIONS = NO;
				ENABLE_STRICT_OBJC_MSGSEND = YES;
				ENABLE_USER_SCRIPT_SANDBOXING = YES;
				GCC_C_LANGUAGE_STANDARD = gnu17;
				GCC_NO_COMMON_BLOCKS = YES;
				GCC_WARN_64_TO_32_BIT_CONVERSION = YES;
				GCC_WARN_ABOUT_RETURN_TYPE = YES_ERROR;
				GCC_WARN_UNDECLARED_SELECTOR = YES;
				GCC_WARN_UNINITIALIZED_AUTOS = YES_AGGRESSIVE;
				GCC_WARN_UNUSED_FUNCTION = YES;
				GCC_WARN_UNUSED_VARIABLE = YES;
				IPHONEOS_DEPLOYMENT_TARGET = 18.0;
				LOCALIZATION_PREFERS_STRING_CATALOGS = YES;
				MTL_ENABLE_DEBUG_INFO = NO;
				MTL_FAST_MATH = YES;
				SDKROOT = iphoneos;
				SWIFT_COMPILATION_MODE = wholemodule;
				VALIDATE_PRODUCT = YES;
			};
			name = Release;
		};
		9D2790EC2CC46BCD0025F8A1 /* Debug */ = {
			isa = XCBuildConfiguration;
			buildSettings = {
				BUNDLE_LOADER = "$(TEST_HOST)";
				CODE_SIGN_STYLE = Automatic;
				CURRENT_PROJECT_VERSION = 1;
				DEVELOPMENT_TEAM = 67AR6NPQWB;
				GENERATE_INFOPLIST_FILE = YES;
				IPHONEOS_DEPLOYMENT_TARGET = 17.6;
				MARKETING_VERSION = 1.0;
				PRODUCT_BUNDLE_IDENTIFIER = com.hyperlabsAI.AiFriendChatTests;
				PRODUCT_NAME = "$(TARGET_NAME)";
				SWIFT_EMIT_LOC_STRINGS = NO;
				SWIFT_VERSION = 5.0;
				TARGETED_DEVICE_FAMILY = "1,2";
				TEST_HOST = "$(BUILT_PRODUCTS_DIR)/AiFriendChat.app/$(BUNDLE_EXECUTABLE_FOLDER_PATH)/AiFriendChat";
			};
			name = Debug;
		};
		9D2790ED2CC46BCD0025F8A1 /* Release */ = {
			isa = XCBuildConfiguration;
			buildSettings = {
				BUNDLE_LOADER = "$(TEST_HOST)";
				CODE_SIGN_STYLE = Automatic;
				CURRENT_PROJECT_VERSION = 1;
				DEVELOPMENT_TEAM = 67AR6NPQWB;
				GENERATE_INFOPLIST_FILE = YES;
				IPHONEOS_DEPLOYMENT_TARGET = 17.6;
				MARKETING_VERSION = 1.0;
				PRODUCT_BUNDLE_IDENTIFIER = com.hyperlabsAI.AiFriendChatTests;
				PRODUCT_NAME = "$(TARGET_NAME)";
				SWIFT_EMIT_LOC_STRINGS = NO;
				SWIFT_VERSION = 5.0;
				TARGETED_DEVICE_FAMILY = "1,2";
				TEST_HOST = "$(BUILT_PRODUCTS_DIR)/AiFriendChat.app/$(BUNDLE_EXECUTABLE_FOLDER_PATH)/AiFriendChat";
			};
			name = Release;
		};
		9D2790EF2CC46BCD0025F8A1 /* Debug */ = {
			isa = XCBuildConfiguration;
			buildSettings = {
				CODE_SIGN_STYLE = Automatic;
				CURRENT_PROJECT_VERSION = 1;
				DEVELOPMENT_TEAM = 67AR6NPQWB;
				GENERATE_INFOPLIST_FILE = YES;
				MARKETING_VERSION = 1.0;
				PRODUCT_BUNDLE_IDENTIFIER = com.hyperlabsAI.AiFriendChatUITests;
				PRODUCT_NAME = "$(TARGET_NAME)";
				SWIFT_EMIT_LOC_STRINGS = NO;
				SWIFT_VERSION = 5.0;
				TARGETED_DEVICE_FAMILY = "1,2";
				TEST_TARGET_NAME = AiFriendChat;
			};
			name = Debug;
		};
		9D2790F02CC46BCD0025F8A1 /* Release */ = {
			isa = XCBuildConfiguration;
			buildSettings = {
				CODE_SIGN_STYLE = Automatic;
				CURRENT_PROJECT_VERSION = 1;
				DEVELOPMENT_TEAM = 67AR6NPQWB;
				GENERATE_INFOPLIST_FILE = YES;
				MARKETING_VERSION = 1.0;
				PRODUCT_BUNDLE_IDENTIFIER = com.hyperlabsAI.AiFriendChatUITests;
				PRODUCT_NAME = "$(TARGET_NAME)";
				SWIFT_EMIT_LOC_STRINGS = NO;
				SWIFT_VERSION = 5.0;
				TARGETED_DEVICE_FAMILY = "1,2";
				TEST_TARGET_NAME = AiFriendChat;
			};
			name = Release;
		};
/* End XCBuildConfiguration section */

/* Begin XCConfigurationList section */
		9D2790BA2CC46BCC0025F8A1 /* Build configuration list for PBXProject "AiFriendChat" */ = {
			isa = XCConfigurationList;
			buildConfigurations = (
				9D2790E92CC46BCD0025F8A1 /* Debug */,
				9D2790EA2CC46BCD0025F8A1 /* Release */,
			);
			defaultConfigurationIsVisible = 0;
			defaultConfigurationName = Release;
		};
		9D2790E62CC46BCD0025F8A1 /* Build configuration list for PBXNativeTarget "AiFriendChat" */ = {
			isa = XCConfigurationList;
			buildConfigurations = (
				9D2790E72CC46BCD0025F8A1 /* Debug */,
				9D2790E82CC46BCD0025F8A1 /* Release */,
			);
			defaultConfigurationIsVisible = 0;
			defaultConfigurationName = Release;
		};
		9D2790EB2CC46BCD0025F8A1 /* Build configuration list for PBXNativeTarget "AiFriendChatTests" */ = {
			isa = XCConfigurationList;
			buildConfigurations = (
				9D2790EC2CC46BCD0025F8A1 /* Debug */,
				9D2790ED2CC46BCD0025F8A1 /* Release */,
			);
			defaultConfigurationIsVisible = 0;
			defaultConfigurationName = Release;
		};
		9D2790EE2CC46BCD0025F8A1 /* Build configuration list for PBXNativeTarget "AiFriendChatUITests" */ = {
			isa = XCConfigurationList;
			buildConfigurations = (
				9D2790EF2CC46BCD0025F8A1 /* Debug */,
				9D2790F02CC46BCD0025F8A1 /* Release */,
			);
			defaultConfigurationIsVisible = 0;
			defaultConfigurationName = Release;
		};
/* End XCConfigurationList section */
	};
	rootObject = 9D2790B72CC46BCC0025F8A1 /* Project object */;
}
